
Microsoft Visual Studio Solution File, Format Version 12.00
# Visual Studio 15
VisualStudioVersion = 15.0.28307.779
MinimumVisualStudioVersion = 10.0.40219.1
Project("{8BC9CEB8-8B4A-11D0-8D11-00A0C91BC942}") = "Assignment 3", "Assignment 3.vcxproj", "{28CDBE6D-56BD-4043-AE58-F1B840B5BAA9}"
EndProject
Global
	GlobalSection(SolutionConfigurationPlatforms) = preSolution
		Debug|x64 = Debug|x64
		Debug|x86 = Debug|x86
		Release|x64 = Release|x64
		Release|x86 = Release|x86
	EndGlobalSection
	GlobalSection(ProjectConfigurationPlatforms) = postSolution
		{28CDBE6D-56BD-4043-AE58-F1B840B5BAA9}.Debug|x64.ActiveCfg = Debug|x64
		{28CDBE6D-56BD-4043-AE58-F1B840B5BAA9}.Debug|x64.Build.0 = Debug|x64
		{28CDBE6D-56BD-4043-AE58-F1B840B5BAA9}.Debug|x86.ActiveCfg = Debug|Win32
		{28CDBE6D-56BD-4043-AE58-F1B840B5BAA9}.Debug|x86.Build.0 = Debug|Win32
		{28CDBE6D-56BD-4043-AE58-F1B840B5BAA9}.Release|x64.ActiveCfg = Release|x64
		{28CDBE6D-56BD-4043-AE58-F1B840B5BAA9}.Release|x64.Build.0 = Release|x64
		{28CDBE6D-56BD-4043-AE58-F1B840B5BAA9}.Release|x86.ActiveCfg = Release|Win32
		{28CDBE6D-56BD-4043-AE58-F1B840B5BAA9}.Release|x86.Build.0 = Release|Win32
	EndGlobalSection
	GlobalSection(SolutionProperties) = preSolution
		HideSolutionNode = FALSE
	EndGlobalSection
	GlobalSection(ExtensibilityGlobals) = postSolution
		SolutionGuid = {11F95EDD-097B-4C47-A3F7-6F30B48E4157}
	EndGlobalSection
EndGlobal
